{
  "name": "@wildebeest/touch",
  "version": "0.1.0",
  "lockfileVersion": 1,
  "requires": true,
  "dependencies": {
    "@wildebeest/common": {
      "version": "0.1.0",
      "resolved": "https://registry.npmjs.org/@wildebeest/common/-/common-0.1.0.tgz",
      "integrity": "sha512-/DWZlJ2m1amK2TWEJsR7/LmP0XWrcJnhvglxjHuUZkbylB4v5FyIQY7sBnO+JHvN0zn5ShOLqrvw+PK4X6crpw==",
      "requires": {
        "@wildebeest/js-modules": "^0.1.0"
      }
    },
    "@wildebeest/js-modules": {
      "version": "0.1.1",
      "resolved": "https://registry.npmjs.org/@wildebeest/js-modules/-/js-modules-0.1.1.tgz",
      "integrity": "sha512-MFSSzVKl0wPLPadaJQPuZcKMKH/zcPhUCJq4ty8RKh/u/FGbk3KqAwLPA/o/NJ3BvAs24Hm2xSGByrN+sB1Gsw==",
      "requires": {
        "inversify": "^5.0.1",
        "reflect-metadata": "^0.1.13"
      }
    },
    "inversify": {
      "version": "5.0.1",
      "resolved": "https://registry.npmjs.org/inversify/-/inversify-5.0.1.tgz",
      "integrity": "sha512-Ieh06s48WnEYGcqHepdsJUIJUXpwH5o5vodAX+DK2JA/gjy4EbEcQZxw+uFfzysmKjiLXGYwNG3qDZsKVMcINQ=="
    },
    "reflect-metadata": {
      "version": "0.1.13",
      "resolved": "https://registry.npmjs.org/reflect-metadata/-/reflect-metadata-0.1.13.tgz",
      "integrity": "sha512-Ts1Y/anZELhSsjMcU605fU9RE4Oi3p5ORujwbIKXfWa+0Zxs510Qrmrce5/Jowq3cHSZSJqBjypxmHarc+vEWg=="
    },
    "typescript": {
      "version": "3.4.4",
      "resolved": "https://registry.npmjs.org/typescript/-/typescript-3.4.4.tgz",
      "integrity": "sha512-xt5RsIRCEaf6+j9AyOBgvVuAec0i92rgCaS3S+UVf5Z/vF2Hvtsw08wtUTJqp4djwznoAgjSxeCcU4r+CcDBJA==",
      "dev": true
    }
  }
}
